github.com/Splidejs/splide v4.1.3+incompatible h1:ms0c3Tem9Bq7qcr88nLspZi2SW14mYnj4CVuHGqJbzA=
github.com/Splidejs/splide v4.1.3+incompatible/go.mod h1:N10tHuOP81a5HGua3PmZVrpMiBmf/KhId8jZt0oShNk=
github.com/dixonandmoe/rellax v0.0.0-20240824005335-9ed6cb0aae03 h1:TyZM0MK9+09/vGdnH8N9xVFix5f1vzU90V5WCyL16oE=
github.com/dixonandmoe/rellax v0.0.0-20240824005335-9ed6cb0aae03/go.mod h1:CJ8UtS8LPLOSmpvwRkQJkwqOwwXaDfH5S7iG83GKAlY=
github.com/hugolify/hugolify-admin/v2 v2.0.0-25 h1:IQU1wpGGYvroH9HXowiYKZd7IfVv5+mSUyiNuWPe9hw=
github.com/hugolify/hugolify-admin/v2 v2.0.0-25/go.mod h1:lPDkZn5SuJ2zB96xU/kKH3gNWOovqgxutjgnBOin48M=
github.com/hugolify/hugolify-theme-design-system v0.0.0-20261005170941-47a6b2fe5a9d h1:w20DkCYeARaItWLRJEU1hl3En/HS8sW0QOKFD5g3JbU=
github.com/hugolify/hugolify-theme-design-system v0.0.0-20261005170941-47a6b2fe5a9d/go.mod h1:pmx1M5Ej9OhNx59jVsqRWhWHSv0JVx6U9txsqTWauTQ=
github.com/hugolify/hugolify-theme-docs/v2 v2.0.0-20260908101900-d1c813828f6e h1:a5Uj2FFQ/FB1Nr9shxnatdJmdUzoCcREMXLUulf+IJM=
github.com/hugolify/hugolify-theme-docs/v2 v2.0.0-20260908101900-d1c813828f6e/go.mod h1:L+idmDTe/Y+zi2lxe7BakjDgywPvNJ5NISKvEb/DwrU=
github.com/hugolify/hugolify-theme-icons v0.0.0-20261005082152-4cf544470a42 h1:unb4Gy8TibWbMqUvT18IqsRwctMm4x16M3nwFDD+m5s=
github.com/hugolify/hugolify-theme-icons v0.0.0-20261005082152-4cf544470a42/go.mod h1:tgu9FOg5nxqOuBWLjq/bPaK08+qruITqMrjbUq5QBQg=
github.com/hugolify/hugolify-theme-persons-places/v2 v2.2.0 h1:1+iRBN+nuHW1y8FsLH8ArjIJuIqssdlnsmoGNNdIkTk=
github.com/hugolify/hugolify-theme-persons-places/v2 v2.2.0/go.mod h1:giC/fyJ566sIpN3pRL7U/QUgLn7x2jbtUC43LcanwtM=
github.com/hugolify/hugolify-theme-persons/v2 v2.8.0 h1:xM4sEJUjJ5M5L8UWV5pVbAe+bNucWuoEKC57j3ieI10=
github.com/hugolify/hugolify-theme-persons/v2 v2.8.0/go.mod h1:dcfGtBGSkxN2xBuJgd0bYzklhtRm83a7EVU1SWtSH3c=
github.com/hugolify/hugolify-theme-places/v2 v2.3.0 h1:evfKDXEXChnnwyk/D7AEk0vSN/k40BXcLVo3dkyB10g=
github.com/hugolify/hugolify-theme-places/v2 v2.3.0/go.mod h1:rnG3L4MOuF23aZZITOMeINMP8EO8m+2l/y35lAaDHho=
github.com/hugolify/hugolify-theme-posts-authors/v2 v2.1.0 h1:eCwANrZCl8api5ZERbx40OSylJGBQZDSPjYlsqJVvGc=
github.com/hugolify/hugolify-theme-posts-authors/v2 v2.1.0/go.mod h1:657Arg3VE+dWHF6XCl3lArwGlvezyQk9KGpkFLzJOto=
github.com/hugolify/hugolify-theme-posts-categories/v2 v2.1.0 h1:us/yXGja/BLh0EOjH1ic/DdiTF/VptbhR+uUpCgpb5w=
github.com/hugolify/hugolify-theme-posts-categories/v2 v2.1.0/go.mod h1:M4+mhOYsEcrEXmB+82KKsXq9dUyOC9YrrX/rxW/x6cE=
github.com/hugolify/hugolify-theme-posts-tags/v2 v2.1.0 h1:Sm8cGaSIMjtpxlx2JYDC5J9T3c8kY5LBjATmsASbTGQ=
github.com/hugolify/hugolify-theme-posts-tags/v2 v2.1.0/go.mod h1:FYnmCa2AG/XFF0XfNjc2GV5xQ8GUsGTxGb4iH50am1s=
github.com/hugolify/hugolify-theme-posts/v2 v2.4.1 h1:atmSKyOcUAVMTZVp3CLK2QXF/cqkN/hiioBqArp6ZME=
github.com/hugolify/hugolify-theme-posts/v2 v2.4.1/go.mod h1:dHhV8ouOmfrMz7Kz+LFhc8vCBb8sugI5d9wDzhO1n2M=
github.com/hugolify/hugolify-theme/v2 v2.35.0 h1:nBzDLvANptmPnlbJFL7Rdbdo936DyBv0Cts21/RWwyE=
github.com/hugolify/hugolify-theme/v2 v2.35.0/go.mod h1:49bO1E1dltejQfsaP5EYB4dv7oOUDhyWWio9OWK9FAw=
github.com/lucide-icons/lucide v0.265.1-0.20260929220838-5a92b9ba262d h1:TVNd+yOJgadxJrRWdiugvkeW5LgLD3ebvU4RYjuGtls=
github.com/lucide-icons/lucide v0.265.1-0.20260929220838-5a92b9ba262d/go.mod h1:0HX/9u6n25zuV2HgBIuqfMfDktGNXmsvYqL1cOK4aWc=
github.com/midzer/tobii v3.2.0+incompatible h1:+08xCdrQ8dlXrkBIOJFsIUsfgme4Ou1CUfbqDmeX/Hc=
github.com/midzer/tobii v3.2.0+incompatible/go.mod h1:ByXFkVm8ja2+TXT7L+lfkdEIeHW4IdWdsQO8zJ5mEqA=
github.com/orestbida/cookieconsent v3.1.0+incompatible h1:L2uj16SEL1bICkn6pJde9uc1qAPmTcEiFZO93zZKdQI=
github.com/orestbida/cookieconsent v3.1.0+incompatible/go.mod h1:8N46VI/40AwvzASJDpiwfbu6zylSzKSDZRUVNmVXLxw=
github.com/simple-icons/simple-icons v0.0.0-20260607021030-c3777a7e48a5 h1:KMtcHeiD7TpsH/GQhibbHc1Nd8SB3p2VW6S3lCYk4Vs=
github.com/simple-icons/simple-icons v0.0.0-20260607021030-c3777a7e48a5/go.mod h1:oOgUUt8yVYOso/wEBi2ojfZP2MU/xxiNccIpaE+jCvE=
